
Microsoft Visual Studio Solution File, Format Version 12.00
# Visual Studio Version 17
VisualStudioVersion = 17.9.34728.123
MinimumVisualStudioVersion = 10.0.40219.1
Project("{FAE04EC0-301F-11D3-BF4B-00C04F79EFBC}") = "server", "server\server.csproj", "{1F97CEBD-CF04-4ECE-9BEC-0007BCDDD0D7}"
EndProject
Global
	GlobalSection(SolutionConfigurationPlatforms) = preSolution
		Debug|Any CPU = Debug|Any CPU
		Release|Any CPU = Release|Any CPU
	EndGlobalSection
	GlobalSection(ProjectConfigurationPlatforms) = postSolution
		{1F97CEBD-CF04-4ECE-9BEC-0007BCDDD0D7}.Debug|Any CPU.ActiveCfg = Debug|Any CPU
		{1F97CEBD-CF04-4ECE-9BEC-0007BCDDD0D7}.Debug|Any CPU.Build.0 = Debug|Any CPU
		{1F97CEBD-CF04-4ECE-9BEC-0007BCDDD0D7}.Release|Any CPU.ActiveCfg = Release|Any CPU
		{1F97CEBD-CF04-4ECE-9BEC-0007BCDDD0D7}.Release|Any CPU.Build.0 = Release|Any CPU
	EndGlobalSection
	GlobalSection(SolutionProperties) = preSolution
		HideSolutionNode = FALSE
	EndGlobalSection
	GlobalSection(ExtensibilityGlobals) = postSolution
		SolutionGuid = {1D7EA3BE-5C8F-4AA7-BD0A-11CB429F3010}
	EndGlobalSection
EndGlobal
